# This file is automatically @generated by Cargo.
# It is not intended for manual editing.
version = 4

[[package]]
name = "nsv"
version = "0.0.2"
source = "registry+https://github.com/rust-lang/crates.io-index"
checksum = "ca5519af616d83334467955d3efb3794873107a83ba2623b74620bec3e1f4ad8"

[[package]]
name = "nsv-ffi"
version = "0.1.0"
dependencies = [
 "nsv",
]
